
Microsoft Visual Studio Solution File, Format Version 12.00
# Visual Studio 2013
VisualStudioVersion = 12.0.21005.1
MinimumVisualStudioVersion = 10.0.40219.1
Project("{FAE04EC0-301F-11D3-BF4B-00C04F79EFBC}") = "RPMSimulator", "RPMSimulator\RPMSimulator.csproj", "{624C8C0D-B470-4D90-9B1A-8DB5D4F1A904}"
EndProject
Global
	GlobalSection(SurroundSCMIntegrationSolutionProperties) = preSolution
		SurroundSCMIntegrationSolutionIsControlled = True
		SurroundSCMIntegrationSolutionBindings = Rapiscan/Longmont/RPMSimulator
		SurroundNumberOfProjects = 1
		SurroundSCMIntegrationProjectName0 = RPMSimulator
		SurroundSCMIntegrationProjectUniqueName0 = RPMSimulator\\RPMSimulator.csproj
		SurroundSCMIntegrationProjectPath0 = Rapiscan/Longmont/RPMSimulator/RPMSimulator
		SurroundNumberOfExcludedFiles = 0
	EndGlobalSection
	GlobalSection(SolutionConfigurationPlatforms) = preSolution
		Debug|Any CPU = Debug|Any CPU
		Release|Any CPU = Release|Any CPU
	EndGlobalSection
	GlobalSection(ProjectConfigurationPlatforms) = postSolution
		{624C8C0D-B470-4D90-9B1A-8DB5D4F1A904}.Debug|Any CPU.ActiveCfg = Debug|Any CPU
		{624C8C0D-B470-4D90-9B1A-8DB5D4F1A904}.Debug|Any CPU.Build.0 = Debug|Any CPU
		{624C8C0D-B470-4D90-9B1A-8DB5D4F1A904}.Release|Any CPU.ActiveCfg = Release|Any CPU
		{624C8C0D-B470-4D90-9B1A-8DB5D4F1A904}.Release|Any CPU.Build.0 = Release|Any CPU
	EndGlobalSection
	GlobalSection(SolutionProperties) = preSolution
		HideSolutionNode = FALSE
	EndGlobalSection
EndGlobal
